
Microsoft Visual Studio Solution File, Format Version 12.00
# Visual Studio 2013
VisualStudioVersion = 12.0.30723.0
MinimumVisualStudioVersion = 10.0.40219.1
Project("{CC5FD16D-436D-48AD-A40C-5A424C6E3E79}") = "VMExplorer", "VMExplorer\VMExplorer.ccproj", "{2411A06D-C5E6-4B6D-A128-B8C738FB1104}"
	ProjectSection(ProjectDependencies) = postProject
		{4DA0B606-BDCE-4C49-9F53-EC647D866987} = {4DA0B606-BDCE-4C49-9F53-EC647D866987}
	EndProjectSection
EndProject
Project("{FAE04EC0-301F-11D3-BF4B-00C04F79EFBC}") = "WebRole", "WebRole1\WebRole.csproj", "{3CAD5502-061B-44BF-A0B4-FFBA836716C8}"
EndProject
Project("{FAE04EC0-301F-11D3-BF4B-00C04F79EFBC}") = "WorkerRole", "WorkerRole1\WorkerRole.csproj", "{D903FBF0-B4BE-4176-A079-F7292382D109}"
EndProject
Project("{FAE04EC0-301F-11D3-BF4B-00C04F79EFBC}") = "HelperLibrary", "HelperLibrary\HelperLibrary.csproj", "{4DA0B606-BDCE-4C49-9F53-EC647D866987}"
EndProject
Global
	GlobalSection(SolutionConfigurationPlatforms) = preSolution
		Debug|Any CPU = Debug|Any CPU
		Release|Any CPU = Release|Any CPU
	EndGlobalSection
	GlobalSection(ProjectConfigurationPlatforms) = postSolution
		{2411A06D-C5E6-4B6D-A128-B8C738FB1104}.Debug|Any CPU.ActiveCfg = Debug|Any CPU
		{2411A06D-C5E6-4B6D-A128-B8C738FB1104}.Debug|Any CPU.Build.0 = Debug|Any CPU
		{2411A06D-C5E6-4B6D-A128-B8C738FB1104}.Release|Any CPU.ActiveCfg = Release|Any CPU
		{2411A06D-C5E6-4B6D-A128-B8C738FB1104}.Release|Any CPU.Build.0 = Release|Any CPU
		{3CAD5502-061B-44BF-A0B4-FFBA836716C8}.Debug|Any CPU.ActiveCfg = Debug|Any CPU
		{3CAD5502-061B-44BF-A0B4-FFBA836716C8}.Debug|Any CPU.Build.0 = Debug|Any CPU
		{3CAD5502-061B-44BF-A0B4-FFBA836716C8}.Release|Any CPU.ActiveCfg = Release|Any CPU
		{3CAD5502-061B-44BF-A0B4-FFBA836716C8}.Release|Any CPU.Build.0 = Release|Any CPU
		{D903FBF0-B4BE-4176-A079-F7292382D109}.Debug|Any CPU.ActiveCfg = Debug|Any CPU
		{D903FBF0-B4BE-4176-A079-F7292382D109}.Debug|Any CPU.Build.0 = Debug|Any CPU
		{D903FBF0-B4BE-4176-A079-F7292382D109}.Release|Any CPU.ActiveCfg = Release|Any CPU
		{D903FBF0-B4BE-4176-A079-F7292382D109}.Release|Any CPU.Build.0 = Release|Any CPU
		{4DA0B606-BDCE-4C49-9F53-EC647D866987}.Debug|Any CPU.ActiveCfg = Debug|Any CPU
		{4DA0B606-BDCE-4C49-9F53-EC647D866987}.Debug|Any CPU.Build.0 = Debug|Any CPU
		{4DA0B606-BDCE-4C49-9F53-EC647D866987}.Release|Any CPU.ActiveCfg = Release|Any CPU
		{4DA0B606-BDCE-4C49-9F53-EC647D866987}.Release|Any CPU.Build.0 = Release|Any CPU
	EndGlobalSection
	GlobalSection(SolutionProperties) = preSolution
		HideSolutionNode = FALSE
	EndGlobalSection
EndGlobal
